// !$*UTF8*$!
{
	archiveVersion = 1;
	classes = {
	};
	objectVersion = 50;
	objects = {

/* Begin PBXBuildFile section */
		662263B222306B310087FAC0 /* ViewController3.swift in Sources */ = {isa = PBXBuildFile; fileRef = 662263B122306B310087FAC0 /* ViewController3.swift */; };
		662263B62230CC5C0087FAC0 /* Assets.xcassets in Resources */ = {isa = PBXBuildFile; fileRef = 662263B52230CC5C0087FAC0 /* Assets.xcassets */; };
		662263B72230CFF00087FAC0 /* LaunchScreen.storyboard in Resources */ = {isa = PBXBuildFile; fileRef = 6671A07E221CB870007C20F2 /* LaunchScreen.storyboard */; };
		663231A3221D13120057F45B /* UiView.swift in Sources */ = {isa = PBXBuildFile; fileRef = 663231A2221D13120057F45B /* UiView.swift */; };
		6662B70E22431507007CD9BE /* SectionsCell.swift in Sources */ = {isa = PBXBuildFile; fileRef = 6662B70D22431507007CD9BE /* SectionsCell.swift */; };
		6662B71022431E3C007CD9BE /* Section.swift in Sources */ = {isa = PBXBuildFile; fileRef = 6662B70F22431E3C007CD9BE /* Section.swift */; };
		6671A076221CB86F007C20F2 /* AppDelegate.swift in Sources */ = {isa = PBXBuildFile; fileRef = 6671A075221CB86F007C20F2 /* AppDelegate.swift */; };
		6671A078221CB86F007C20F2 /* ViewController.swift in Sources */ = {isa = PBXBuildFile; fileRef = 6671A077221CB86F007C20F2 /* ViewController.swift */; };
		6671A07B221CB86F007C20F2 /* Main.storyboard in Resources */ = {isa = PBXBuildFile; fileRef = 6671A079221CB86F007C20F2 /* Main.storyboard */; };
		6671A08B221CB871007C20F2 /* Yeetipedia_DemoTests.swift in Sources */ = {isa = PBXBuildFile; fileRef = 6671A08A221CB871007C20F2 /* Yeetipedia_DemoTests.swift */; };
		6671A096221CB871007C20F2 /* Yeetipedia_DemoUITests.swift in Sources */ = {isa = PBXBuildFile; fileRef = 6671A095221CB871007C20F2 /* Yeetipedia_DemoUITests.swift */; };
		66A9D227224002C800A28D49 /* TableViewController.swift in Sources */ = {isa = PBXBuildFile; fileRef = 66A9D226224002C800A28D49 /* TableViewController.swift */; };
		B3DB9F3522510B4000CE2884 /* TestingTable.swift in Sources */ = {isa = PBXBuildFile; fileRef = B3DB9F3422510B4000CE2884 /* TestingTable.swift */; };
/* End PBXBuildFile section */

/* Begin PBXContainerItemProxy section */
		6671A087221CB871007C20F2 /* PBXContainerItemProxy */ = {
			isa = PBXContainerItemProxy;
			containerPortal = 6671A06A221CB86E007C20F2 /* Project object */;
			proxyType = 1;
			remoteGlobalIDString = 6671A071221CB86E007C20F2;
			remoteInfo = "Yeetipedia Demo";
		};
		6671A092221CB871007C20F2 /* PBXContainerItemProxy */ = {
			isa = PBXContainerItemProxy;
			containerPortal = 6671A06A221CB86E007C20F2 /* Project object */;
			proxyType = 1;
			remoteGlobalIDString = 6671A071221CB86E007C20F2;
			remoteInfo = "Yeetipedia Demo";
		};
/* End PBXContainerItemProxy section */

/* Begin PBXFileReference section */
		662263B122306B310087FAC0 /* ViewController3.swift */ = {isa = PBXFileReference; lastKnownFileType = sourcecode.swift; path = ViewController3.swift; sourceTree = "<group>"; };
		662263B52230CC5C0087FAC0 /* Assets.xcassets */ = {isa = PBXFileReference; lastKnownFileType = folder.assetcatalog; path = Assets.xcassets; sourceTree = "<group>"; };
		663231A2221D13120057F45B /* UiView.swift */ = {isa = PBXFileReference; lastKnownFileType = sourcecode.swift; path = UiView.swift; sourceTree = "<group>"; };
		6662B70D22431507007CD9BE /* SectionsCell.swift */ = {isa = PBXFileReference; lastKnownFileType = sourcecode.swift; path = SectionsCell.swift; sourceTree = "<group>"; };
		6662B70F22431E3C007CD9BE /* Section.swift */ = {isa = PBXFileReference; lastKnownFileType = sourcecode.swift; path = Section.swift; sourceTree = "<group>"; };
		6671A072221CB86F007C20F2 /* Yeetipedia Demo.app */ = {isa = PBXFileReference; explicitFileType = wrapper.application; includeInIndex = 0; path = "Yeetipedia Demo.app"; sourceTree = BUILT_PRODUCTS_DIR; };
		6671A075221CB86F007C20F2 /* AppDelegate.swift */ = {isa = PBXFileReference; lastKnownFileType = sourcecode.swift; path = AppDelegate.swift; sourceTree = "<group>"; };
		6671A077221CB86F007C20F2 /* ViewController.swift */ = {isa = PBXFileReference; lastKnownFileType = sourcecode.swift; path = ViewController.swift; sourceTree = "<group>"; };
		6671A07A221CB86F007C20F2 /* Base */ = {isa = PBXFileReference; lastKnownFileType = file.storyboard; name = Base; path = Base.lproj/Main.storyboard; sourceTree = "<group>"; };
		6671A07F221CB870007C20F2 /* Base */ = {isa = PBXFileReference; lastKnownFileType = file.storyboard; name = Base; path = Base.lproj/LaunchScreen.storyboard; sourceTree = "<group>"; };
		6671A081221CB870007C20F2 /* Info.plist */ = {isa = PBXFileReference; lastKnownFileType = text.plist.xml; path = Info.plist; sourceTree = "<group>"; };
		6671A086221CB871007C20F2 /* Yeetipedia DemoTests.xctest */ = {isa = PBXFileReference; explicitFileType = wrapper.cfbundle; includeInIndex = 0; path = "Yeetipedia DemoTests.xctest"; sourceTree = BUILT_PRODUCTS_DIR; };
		6671A08A221CB871007C20F2 /* Yeetipedia_DemoTests.swift */ = {isa = PBXFileReference; lastKnownFileType = sourcecode.swift; path = Yeetipedia_DemoTests.swift; sourceTree = "<group>"; };
		6671A08C221CB871007C20F2 /* Info.plist */ = {isa = PBXFileReference; lastKnownFileType = text.plist.xml; path = Info.plist; sourceTree = "<group>"; };
		6671A091221CB871007C20F2 /* Yeetipedia DemoUITests.xctest */ = {isa = PBXFileReference; explicitFileType = wrapper.cfbundle; includeInIndex = 0; path = "Yeetipedia DemoUITests.xctest"; sourceTree = BUILT_PRODUCTS_DIR; };
		6671A095221CB871007C20F2 /* Yeetipedia_DemoUITests.swift */ = {isa = PBXFileReference; lastKnownFileType = sourcecode.swift; path = Yeetipedia_DemoUITests.swift; sourceTree = "<group>"; };
		6671A097221CB871007C20F2 /* Info.plist */ = {isa = PBXFileReference; lastKnownFileType = text.plist.xml; path = Info.plist; sourceTree = "<group>"; };
		66A9D226224002C800A28D49 /* TableViewController.swift */ = {isa = PBXFileReference; lastKnownFileType = sourcecode.swift; path = TableViewController.swift; sourceTree = "<group>"; };
		B3DB9F3422510B4000CE2884 /* TestingTable.swift */ = {isa = PBXFileReference; lastKnownFileType = sourcecode.swift; path = TestingTable.swift; sourceTree = "<group>"; };
/* End PBXFileReference section */

/* Begin PBXFrameworksBuildPhase section */
		6671A06F221CB86E007C20F2 /* Frameworks */ = {
			isa = PBXFrameworksBuildPhase;
			buildActionMask = 2147483647;
			files = (
			);
			runOnlyForDeploymentPostprocessing = 0;
		};
		6671A083221CB870007C20F2 /* Frameworks */ = {
			isa = PBXFrameworksBuildPhase;
			buildActionMask = 2147483647;
			files = (
			);
			runOnlyForDeploymentPostprocessing = 0;
		};
		6671A08E221CB871007C20F2 /* Frameworks */ = {
			isa = PBXFrameworksBuildPhase;
			buildActionMask = 2147483647;
			files = (
			);
			runOnlyForDeploymentPostprocessing = 0;
		};
/* End PBXFrameworksBuildPhase section */

/* Begin PBXGroup section */
		6671A069221CB86E007C20F2 = {
			isa = PBXGroup;
			children = (
				6671A074221CB86F007C20F2 /* Yeetipedia Demo */,
				6671A089221CB871007C20F2 /* Yeetipedia DemoTests */,
				6671A094221CB871007C20F2 /* Yeetipedia DemoUITests */,
				6671A073221CB86F007C20F2 /* Products */,
			);
			sourceTree = "<group>";
		};
		6671A073221CB86F007C20F2 /* Products */ = {
			isa = PBXGroup;
			children = (
				6671A072221CB86F007C20F2 /* Yeetipedia Demo.app */,
				6671A086221CB871007C20F2 /* Yeetipedia DemoTests.xctest */,
				6671A091221CB871007C20F2 /* Yeetipedia DemoUITests.xctest */,
			);
			name = Products;
			sourceTree = "<group>";
		};
		6671A074221CB86F007C20F2 /* Yeetipedia Demo */ = {
			isa = PBXGroup;
			children = (
				6671A075221CB86F007C20F2 /* AppDelegate.swift */,
				663231A2221D13120057F45B /* UiView.swift */,
				6671A079221CB86F007C20F2 /* Main.storyboard */,
				6662B70F22431E3C007CD9BE /* Section.swift */,
				6662B70D22431507007CD9BE /* SectionsCell.swift */,
				66C2FA2F224062050052004C /* View Controllers */,
				662263B52230CC5C0087FAC0 /* Assets.xcassets */,
				6671A07E221CB870007C20F2 /* LaunchScreen.storyboard */,
				6671A081221CB870007C20F2 /* Info.plist */,
			);
			path = "Yeetipedia Demo";
			sourceTree = "<group>";
		};
		6671A089221CB871007C20F2 /* Yeetipedia DemoTests */ = {
			isa = PBXGroup;
			children = (
				6671A08A221CB871007C20F2 /* Yeetipedia_DemoTests.swift */,
				6671A08C221CB871007C20F2 /* Info.plist */,
			);
			path = "Yeetipedia DemoTests";
			sourceTree = "<group>";
		};
		6671A094221CB871007C20F2 /* Yeetipedia DemoUITests */ = {
			isa = PBXGroup;
			children = (
				6671A095221CB871007C20F2 /* Yeetipedia_DemoUITests.swift */,
				6671A097221CB871007C20F2 /* Info.plist */,
			);
			path = "Yeetipedia DemoUITests";
			sourceTree = "<group>";
		};
		66C2FA2F224062050052004C /* View Controllers */ = {
			isa = PBXGroup;
			children = (
				6671A077221CB86F007C20F2 /* ViewController.swift */,
				B3DB9F3422510B4000CE2884 /* TestingTable.swift */,
				66A9D226224002C800A28D49 /* TableViewController.swift */,
				662263B122306B310087FAC0 /* ViewController3.swift */,
			);
			path = "View Controllers";
			sourceTree = "<group>";
		};
/* End PBXGroup section */

/* Begin PBXNativeTarget section */
		6671A071221CB86E007C20F2 /* Yeetipedia Demo */ = {
			isa = PBXNativeTarget;
			buildConfigurationList = 6671A09A221CB871007C20F2 /* Build configuration list for PBXNativeTarget "Yeetipedia Demo" */;
			buildPhases = (
				6671A06E221CB86E007C20F2 /* Sources */,
				6671A06F221CB86E007C20F2 /* Frameworks */,
				6671A070221CB86E007C20F2 /* Resources */,
			);
			buildRules = (
			);
			dependencies = (
			);
			name = "Yeetipedia Demo";
			productName = "Yeetipedia Demo";
			productReference = 6671A072221CB86F007C20F2 /* Yeetipedia Demo.app */;
			productType = "com.apple.product-type.application";
		};
		6671A085221CB870007C20F2 /* Yeetipedia DemoTests */ = {
			isa = PBXNativeTarget;
			buildConfigurationList = 6671A09D221CB871007C20F2 /* Build configuration list for PBXNativeTarget "Yeetipedia DemoTests" */;
			buildPhases = (
				D58B81ECE2516F13A7AFCE6B /* [CP] Check Pods Manifest.lock */,
				6671A082221CB870007C20F2 /* Sources */,
				6671A083221CB870007C20F2 /* Frameworks */,
				6671A084221CB870007C20F2 /* Resources */,
			);
			buildRules = (
			);
			dependencies = (
				6671A088221CB871007C20F2 /* PBXTargetDependency */,
			);
			name = "Yeetipedia DemoTests";
			productName = "Yeetipedia DemoTests";
			productReference = 6671A086221CB871007C20F2 /* Yeetipedia DemoTests.xctest */;
			productType = "com.apple.product-type.bundle.unit-test";
		};
		6671A090221CB871007C20F2 /* Yeetipedia DemoUITests */ = {
			isa = PBXNativeTarget;
			buildConfigurationList = 6671A0A0221CB871007C20F2 /* Build configuration list for PBXNativeTarget "Yeetipedia DemoUITests" */;
			buildPhases = (
				9BA92935BC9C955AEEBC0F12 /* [CP] Check Pods Manifest.lock */,
				6671A08D221CB871007C20F2 /* Sources */,
				6671A08E221CB871007C20F2 /* Frameworks */,
				6671A08F221CB871007C20F2 /* Resources */,
			);
			buildRules = (
			);
			dependencies = (
				6671A093221CB871007C20F2 /* PBXTargetDependency */,
			);
			name = "Yeetipedia DemoUITests";
			productName = "Yeetipedia DemoUITests";
			productReference = 6671A091221CB871007C20F2 /* Yeetipedia DemoUITests.xctest */;
			productType = "com.apple.product-type.bundle.ui-testing";
		};
/* End PBXNativeTarget section */

/* Begin PBXProject section */
		6671A06A221CB86E007C20F2 /* Project object */ = {
			isa = PBXProject;
			attributes = {
				LastSwiftUpdateCheck = 1010;
				LastUpgradeCheck = 1010;
				ORGANIZATIONNAME = "Adam T. Cuellar";
				TargetAttributes = {
					6671A071221CB86E007C20F2 = {
						CreatedOnToolsVersion = 10.1;
					};
					6671A085221CB870007C20F2 = {
						CreatedOnToolsVersion = 10.1;
						TestTargetID = 6671A071221CB86E007C20F2;
					};
					6671A090221CB871007C20F2 = {
						CreatedOnToolsVersion = 10.1;
						TestTargetID = 6671A071221CB86E007C20F2;
					};
				};
			};
			buildConfigurationList = 6671A06D221CB86E007C20F2 /* Build configuration list for PBXProject "Yeetipedia Demo" */;
			compatibilityVersion = "Xcode 9.3";
			developmentRegion = en;
			hasScannedForEncodings = 0;
			knownRegions = (
				en,
				Base,
			);
			mainGroup = 6671A069221CB86E007C20F2;
			productRefGroup = 6671A073221CB86F007C20F2 /* Products */;
			projectDirPath = "";
			projectRoot = "";
			targets = (
				6671A071221CB86E007C20F2 /* Yeetipedia Demo */,
				6671A085221CB870007C20F2 /* Yeetipedia DemoTests */,
				6671A090221CB871007C20F2 /* Yeetipedia DemoUITests */,
			);
		};
/* End PBXProject section */

/* Begin PBXResourcesBuildPhase section */
		6671A070221CB86E007C20F2 /* Resources */ = {
			isa = PBXResourcesBuildPhase;
			buildActionMask = 2147483647;
			files = (
				662263B62230CC5C0087FAC0 /* Assets.xcassets in Resources */,
				6671A07B221CB86F007C20F2 /* Main.storyboard in Resources */,
				662263B72230CFF00087FAC0 /* LaunchScreen.storyboard in Resources */,
			);
			runOnlyForDeploymentPostprocessing = 0;
		};
		6671A084221CB870007C20F2 /* Resources */ = {
			isa = PBXResourcesBuildPhase;
			buildActionMask = 2147483647;
			files = (
			);
			runOnlyForDeploymentPostprocessing = 0;
		};
		6671A08F221CB871007C20F2 /* Resources */ = {
			isa = PBXResourcesBuildPhase;
			buildActionMask = 2147483647;
			files = (
			);
			runOnlyForDeploymentPostprocessing = 0;
		};
/* End PBXResourcesBuildPhase section */

/* Begin PBXShellScriptBuildPhase section */
		9BA92935BC9C955AEEBC0F12 /* [CP] Check Pods Manifest.lock */ = {
			isa = PBXShellScriptBuildPhase;
			buildActionMask = 2147483647;
			files = (
			);
			inputFileListPaths = (
			);
			inputPaths = (
				"${PODS_PODFILE_DIR_PATH}/Podfile.lock",
				"${PODS_ROOT}/Manifest.lock",
			);
			name = "[CP] Check Pods Manifest.lock";
			outputFileListPaths = (
			);
			outputPaths = (
				"$(DERIVED_FILE_DIR)/Pods-Yeetipedia DemoUITests-checkManifestLockResult.txt",
			);
			runOnlyForDeploymentPostprocessing = 0;
			shellPath = /bin/sh;
			shellScript = "diff \"${PODS_PODFILE_DIR_PATH}/Podfile.lock\" \"${PODS_ROOT}/Manifest.lock\" > /dev/null\nif [ $? != 0 ] ; then\n    # print error to STDERR\n    echo \"error: The sandbox is not in sync with the Podfile.lock. Run 'pod install' or update your CocoaPods installation.\" >&2\n    exit 1\nfi\n# This output is used by Xcode 'outputs' to avoid re-running this script phase.\necho \"SUCCESS\" > \"${SCRIPT_OUTPUT_FILE_0}\"\n";
			showEnvVarsInLog = 0;
		};
		D58B81ECE2516F13A7AFCE6B /* [CP] Check Pods Manifest.lock */ = {
			isa = PBXShellScriptBuildPhase;
			buildActionMask = 2147483647;
			files = (
			);
			inputFileListPaths = (
			);
			inputPaths = (
				"${PODS_PODFILE_DIR_PATH}/Podfile.lock",
				"${PODS_ROOT}/Manifest.lock",
			);
			name = "[CP] Check Pods Manifest.lock";
			outputFileListPaths = (
			);
			outputPaths = (
				"$(DERIVED_FILE_DIR)/Pods-Yeetipedia DemoTests-checkManifestLockResult.txt",
			);
			runOnlyForDeploymentPostprocessing = 0;
			shellPath = /bin/sh;
			shellScript = "diff \"${PODS_PODFILE_DIR_PATH}/Podfile.lock\" \"${PODS_ROOT}/Manifest.lock\" > /dev/null\nif [ $? != 0 ] ; then\n    # print error to STDERR\n    echo \"error: The sandbox is not in sync with the Podfile.lock. Run 'pod install' or update your CocoaPods installation.\" >&2\n    exit 1\nfi\n# This output is used by Xcode 'outputs' to avoid re-running this script phase.\necho \"SUCCESS\" > \"${SCRIPT_OUTPUT_FILE_0}\"\n";
			showEnvVarsInLog = 0;
		};
/* End PBXShellScriptBuildPhase section */

/* Begin PBXSourcesBuildPhase section */
		6671A06E221CB86E007C20F2 /* Sources */ = {
			isa = PBXSourcesBuildPhase;
			buildActionMask = 2147483647;
			files = (
				6662B70E22431507007CD9BE /* SectionsCell.swift in Sources */,
				663231A3221D13120057F45B /* UiView.swift in Sources */,
				66A9D227224002C800A28D49 /* TableViewController.swift in Sources */,
				6671A078221CB86F007C20F2 /* ViewController.swift in Sources */,
				662263B222306B310087FAC0 /* ViewController3.swift in Sources */,
				B3DB9F3522510B4000CE2884 /* TestingTable.swift in Sources */,
				6662B71022431E3C007CD9BE /* Section.swift in Sources */,
				6671A076221CB86F007C20F2 /* AppDelegate.swift in Sources */,
			);
			runOnlyForDeploymentPostprocessing = 0;
		};
		6671A082221CB870007C20F2 /* Sources */ = {
			isa = PBXSourcesBuildPhase;
			buildActionMask = 2147483647;
			files = (
				6671A08B221CB871007C20F2 /* Yeetipedia_DemoTests.swift in Sources */,
			);
			runOnlyForDeploymentPostprocessing = 0;
		};
		6671A08D221CB871007C20F2 /* Sources */ = {
			isa = PBXSourcesBuildPhase;
			buildActionMask = 2147483647;
			files = (
				6671A096221CB871007C20F2 /* Yeetipedia_DemoUITests.swift in Sources */,
			);
			runOnlyForDeploymentPostprocessing = 0;
		};
/* End PBXSourcesBuildPhase section */

/* Begin PBXTargetDependency section */
		6671A088221CB871007C20F2 /* PBXTargetDependency */ = {
			isa = PBXTargetDependency;
			target = 6671A071221CB86E007C20F2 /* Yeetipedia Demo */;
			targetProxy = 6671A087221CB871007C20F2 /* PBXContainerItemProxy */;
		};
		6671A093221CB871007C20F2 /* PBXTargetDependency */ = {
			isa = PBXTargetDependency;
			target = 6671A071221CB86E007C20F2 /* Yeetipedia Demo */;
			targetProxy = 6671A092221CB871007C20F2 /* PBXContainerItemProxy */;
		};
/* End PBXTargetDependency section */

/* Begin PBXVariantGroup section */
		6671A079221CB86F007C20F2 /* Main.storyboard */ = {
			isa = PBXVariantGroup;
			children = (
				6671A07A221CB86F007C20F2 /* Base */,
			);
			name = Main.storyboard;
			sourceTree = "<group>";
		};
		6671A07E221CB870007C20F2 /* LaunchScreen.storyboard */ = {
			isa = PBXVariantGroup;
			children = (
				6671A07F221CB870007C20F2 /* Base */,
			);
			name = LaunchScreen.storyboard;
			sourceTree = "<group>";
		};
/* End PBXVariantGroup section */

/* Begin XCBuildConfiguration section */
		6671A098221CB871007C20F2 /* Debug */ = {
			isa = XCBuildConfiguration;
			buildSettings = {
				ALWAYS_SEARCH_USER_PATHS = NO;
				CLANG_ANALYZER_NONNULL = YES;
				CLANG_ANALYZER_NUMBER_OBJECT_CONVERSION = YES_AGGRESSIVE;
				CLANG_CXX_LANGUAGE_STANDARD = "gnu++14";
				CLANG_CXX_LIBRARY = "libc++";
				CLANG_ENABLE_MODULES = YES;
				CLANG_ENABLE_OBJC_ARC = YES;
				CLANG_ENABLE_OBJC_WEAK = YES;
				CLANG_WARN_BLOCK_CAPTURE_AUTORELEASING = YES;
				CLANG_WARN_BOOL_CONVERSION = YES;
				CLANG_WARN_COMMA = YES;
				CLANG_WARN_CONSTANT_CONVERSION = YES;
				CLANG_WARN_DEPRECATED_OBJC_IMPLEMENTATIONS = YES;
				CLANG_WARN_DIRECT_OBJC_ISA_USAGE = YES_ERROR;
				CLANG_WARN_DOCUMENTATION_COMMENTS = YES;
				CLANG_WARN_EMPTY_BODY = YES;
				CLANG_WARN_ENUM_CONVERSION = YES;
				CLANG_WARN_INFINITE_RECURSION = YES;
				CLANG_WARN_INT_CONVERSION = YES;
				CLANG_WARN_NON_LITERAL_NULL_CONVERSION = YES;
				CLANG_WARN_OBJC_IMPLICIT_RETAIN_SELF = YES;
				CLANG_WARN_OBJC_LITERAL_CONVERSION = YES;
				CLANG_WARN_OBJC_ROOT_CLASS = YES_ERROR;
				CLANG_WARN_RANGE_LOOP_ANALYSIS = YES;
				CLANG_WARN_STRICT_PROTOTYPES = YES;
				CLANG_WARN_SUSPICIOUS_MOVE = YES;
				CLANG_WARN_UNGUARDED_AVAILABILITY = YES_AGGRESSIVE;
				CLANG_WARN_UNREACHABLE_CODE = YES;
				CLANG_WARN__DUPLICATE_METHOD_MATCH = YES;
				CODE_SIGN_IDENTITY = "iPhone Developer";
				COPY_PHASE_STRIP = NO;
				DEBUG_INFORMATION_FORMAT = dwarf;
				ENABLE_STRICT_OBJC_MSGSEND = YES;
				ENABLE_TESTABILITY = YES;
				GCC_C_LANGUAGE_STANDARD = gnu11;
				GCC_DYNAMIC_NO_PIC = NO;
				GCC_NO_COMMON_BLOCKS = YES;
				GCC_OPTIMIZATION_LEVEL = 0;
				GCC_PREPROCESSOR_DEFINITIONS = (
					"DEBUG=1",
					"$(inherited)",
				);
				GCC_WARN_64_TO_32_BIT_CONVERSION = YES;
				GCC_WARN_ABOUT_RETURN_TYPE = YES_ERROR;
				GCC_WARN_UNDECLARED_SELECTOR = YES;
				GCC_WARN_UNINITIALIZED_AUTOS = YES_AGGRESSIVE;
				GCC_WARN_UNUSED_FUNCTION = YES;
				GCC_WARN_UNUSED_VARIABLE = YES;
				IPHONEOS_DEPLOYMENT_TARGET = 12.1;
				MTL_ENABLE_DEBUG_INFO = INCLUDE_SOURCE;
				MTL_FAST_MATH = YES;
				ONLY_ACTIVE_ARCH = YES;
				SDKROOT = iphoneos;
				SWIFT_ACTIVE_COMPILATION_CONDITIONS = DEBUG;
				SWIFT_OPTIMIZATION_LEVEL = "-Onone";
			};
			name = Debug;
		};
		6671A099221CB871007C20F2 /* Release */ = {
			isa = XCBuildConfiguration;
			buildSettings = {
				ALWAYS_SEARCH_USER_PATHS = NO;
				CLANG_ANALYZER_NONNULL = YES;
				CLANG_ANALYZER_NUMBER_OBJECT_CONVERSION = YES_AGGRESSIVE;
				CLANG_CXX_LANGUAGE_STANDARD = "gnu++14";
				CLANG_CXX_LIBRARY = "libc++";
				CLANG_ENABLE_MODULES = YES;
				CLANG_ENABLE_OBJC_ARC = YES;
				CLANG_ENABLE_OBJC_WEAK = YES;
				CLANG_WARN_BLOCK_CAPTURE_AUTORELEASING = YES;
				CLANG_WARN_BOOL_CONVERSION = YES;
				CLANG_WARN_COMMA = YES;
				CLANG_WARN_CONSTANT_CONVERSION = YES;
				CLANG_WARN_DEPRECATED_OBJC_IMPLEMENTATIONS = YES;
				CLANG_WARN_DIRECT_OBJC_ISA_USAGE = YES_ERROR;
				CLANG_WARN_DOCUMENTATION_COMMENTS = YES;
				CLANG_WARN_EMPTY_BODY = YES;
				CLANG_WARN_ENUM_CONVERSION = YES;
				CLANG_WARN_INFINITE_RECURSION = YES;
				CLANG_WARN_INT_CONVERSION = YES;
				CLANG_WARN_NON_LITERAL_NULL_CONVERSION = YES;
				CLANG_WARN_OBJC_IMPLICIT_RETAIN_SELF = YES;
				CLANG_WARN_OBJC_LITERAL_CONVERSION = YES;
				CLANG_WARN_OBJC_ROOT_CLASS = YES_ERROR;
				CLANG_WARN_RANGE_LOOP_ANALYSIS = YES;
				CLANG_WARN_STRICT_PROTOTYPES = YES;
				CLANG_WARN_SUSPICIOUS_MOVE = YES;
				CLANG_WARN_UNGUARDED_AVAILABILITY = YES_AGGRESSIVE;
				CLANG_WARN_UNREACHABLE_CODE = YES;
				CLANG_WARN__DUPLICATE_METHOD_MATCH = YES;
				CODE_SIGN_IDENTITY = "iPhone Developer";
				COPY_PHASE_STRIP = NO;
				DEBUG_INFORMATION_FORMAT = "dwarf-with-dsym";
				ENABLE_NS_ASSERTIONS = NO;
				ENABLE_STRICT_OBJC_MSGSEND = YES;
				GCC_C_LANGUAGE_STANDARD = gnu11;
				GCC_NO_COMMON_BLOCKS = YES;
				GCC_WARN_64_TO_32_BIT_CONVERSION = YES;
				GCC_WARN_ABOUT_RETURN_TYPE = YES_ERROR;
				GCC_WARN_UNDECLARED_SELECTOR = YES;
				GCC_WARN_UNINITIALIZED_AUTOS = YES_AGGRESSIVE;
				GCC_WARN_UNUSED_FUNCTION = YES;
				GCC_WARN_UNUSED_VARIABLE = YES;
				IPHONEOS_DEPLOYMENT_TARGET = 12.1;
				MTL_ENABLE_DEBUG_INFO = NO;
				MTL_FAST_MATH = YES;
				SDKROOT = iphoneos;
				SWIFT_COMPILATION_MODE = wholemodule;
				SWIFT_OPTIMIZATION_LEVEL = "-O";
				VALIDATE_PRODUCT = YES;
			};
			name = Release;
		};
		6671A09B221CB871007C20F2 /* Debug */ = {
			isa = XCBuildConfiguration;
			buildSettings = {
				ASSETCATALOG_COMPILER_APPICON_NAME = AppIcon;
				CODE_SIGN_STYLE = Automatic;
				DEVELOPMENT_TEAM = 4Z73GK3TSM;
				INFOPLIST_FILE = "Yeetipedia Demo/Info.plist";
				LD_RUNPATH_SEARCH_PATHS = (
					"$(inherited)",
					"@executable_path/Frameworks",
				);
				PRODUCT_BUNDLE_IDENTIFIER = com.yeetdog.yeetipedia;
				PRODUCT_NAME = "$(TARGET_NAME)";
				SWIFT_VERSION = 4.2;
				TARGETED_DEVICE_FAMILY = "1,2";
			};
			name = Debug;
		};
		6671A09C221CB871007C20F2 /* Release */ = {
			isa = XCBuildConfiguration;
			buildSettings = {
				ASSETCATALOG_COMPILER_APPICON_NAME = AppIcon;
				CODE_SIGN_STYLE = Automatic;
				DEVELOPMENT_TEAM = 4Z73GK3TSM;
				INFOPLIST_FILE = "Yeetipedia Demo/Info.plist";
				LD_RUNPATH_SEARCH_PATHS = (
					"$(inherited)",
					"@executable_path/Frameworks",
				);
				PRODUCT_BUNDLE_IDENTIFIER = com.yeetdog.yeetipedia;
				PRODUCT_NAME = "$(TARGET_NAME)";
				SWIFT_VERSION = 4.2;
				TARGETED_DEVICE_FAMILY = "1,2";
			};
			name = Release;
		};
		6671A09E221CB871007C20F2 /* Debug */ = {
			isa = XCBuildConfiguration;
			buildSettings = {
				ALWAYS_EMBED_SWIFT_STANDARD_LIBRARIES = YES;
				BUNDLE_LOADER = "$(TEST_HOST)";
				CODE_SIGN_STYLE = Automatic;
				DEVELOPMENT_TEAM = 4Z73GK3TSM;
				INFOPLIST_FILE = "Yeetipedia DemoTests/Info.plist";
				LD_RUNPATH_SEARCH_PATHS = (
					"$(inherited)",
					"@executable_path/Frameworks",
					"@loader_path/Frameworks",
				);
				PRODUCT_BUNDLE_IDENTIFIER = "Yeet.Yeetipedia-DemoTests";
				PRODUCT_NAME = "$(TARGET_NAME)";
				SWIFT_VERSION = 4.2;
				TARGETED_DEVICE_FAMILY = "1,2";
				TEST_HOST = "$(BUILT_PRODUCTS_DIR)/Yeetipedia Demo.app/Yeetipedia Demo";
			};
			name = Debug;
		};
		6671A09F221CB871007C20F2 /* Release */ = {
			isa = XCBuildConfiguration;
			buildSettings = {
				ALWAYS_EMBED_SWIFT_STANDARD_LIBRARIES = YES;
				BUNDLE_LOADER = "$(TEST_HOST)";
				CODE_SIGN_STYLE = Automatic;
				DEVELOPMENT_TEAM = 4Z73GK3TSM;
				INFOPLIST_FILE = "Yeetipedia DemoTests/Info.plist";
				LD_RUNPATH_SEARCH_PATHS = (
					"$(inherited)",
					"@executable_path/Frameworks",
					"@loader_path/Frameworks",
				);
				PRODUCT_BUNDLE_IDENTIFIER = "Yeet.Yeetipedia-DemoTests";
				PRODUCT_NAME = "$(TARGET_NAME)";
				SWIFT_VERSION = 4.2;
				TARGETED_DEVICE_FAMILY = "1,2";
				TEST_HOST = "$(BUILT_PRODUCTS_DIR)/Yeetipedia Demo.app/Yeetipedia Demo";
			};
			name = Release;
		};
		6671A0A1221CB871007C20F2 /* Debug */ = {
			isa = XCBuildConfiguration;
			buildSettings = {
				ALWAYS_EMBED_SWIFT_STANDARD_LIBRARIES = YES;
				CODE_SIGN_STYLE = Automatic;
				DEVELOPMENT_TEAM = 4Z73GK3TSM;
				INFOPLIST_FILE = "Yeetipedia DemoUITests/Info.plist";
				LD_RUNPATH_SEARCH_PATHS = (
					"$(inherited)",
					"@executable_path/Frameworks",
					"@loader_path/Frameworks",
				);
				PRODUCT_BUNDLE_IDENTIFIER = "Yeet.Yeetipedia-DemoUITests";
				PRODUCT_NAME = "$(TARGET_NAME)";
				SWIFT_VERSION = 4.2;
				TARGETED_DEVICE_FAMILY = "1,2";
				TEST_TARGET_NAME = "Yeetipedia Demo";
			};
			name = Debug;
		};
		6671A0A2221CB871007C20F2 /* Release */ = {
			isa = XCBuildConfiguration;
			buildSettings = {
				ALWAYS_EMBED_SWIFT_STANDARD_LIBRARIES = YES;
				CODE_SIGN_STYLE = Automatic;
				DEVELOPMENT_TEAM = 4Z73GK3TSM;
				INFOPLIST_FILE = "Yeetipedia DemoUITests/Info.plist";
				LD_RUNPATH_SEARCH_PATHS = (
					"$(inherited)",
					"@executable_path/Frameworks",
					"@loader_path/Frameworks",
				);
				PRODUCT_BUNDLE_IDENTIFIER = "Yeet.Yeetipedia-DemoUITests";
				PRODUCT_NAME = "$(TARGET_NAME)";
				SWIFT_VERSION = 4.2;
				TARGETED_DEVICE_FAMILY = "1,2";
				TEST_TARGET_NAME = "Yeetipedia Demo";
			};
			name = Release;
		};
/* End XCBuildConfiguration section */

/* Begin XCConfigurationList section */
		6671A06D221CB86E007C20F2 /* Build configuration list for PBXProject "Yeetipedia Demo" */ = {
			isa = XCConfigurationList;
			buildConfigurations = (
				6671A098221CB871007C20F2 /* Debug */,
				6671A099221CB871007C20F2 /* Release */,
			);
			defaultConfigurationIsVisible = 0;
			defaultConfigurationName = Release;
		};
		6671A09A221CB871007C20F2 /* Build configuration list for PBXNativeTarget "Yeetipedia Demo" */ = {
			isa = XCConfigurationList;
			buildConfigurations = (
				6671A09B221CB871007C20F2 /* Debug */,
				6671A09C221CB871007C20F2 /* Release */,
			);
			defaultConfigurationIsVisible = 0;
			defaultConfigurationName = Release;
		};
		6671A09D221CB871007C20F2 /* Build configuration list for PBXNativeTarget "Yeetipedia DemoTests" */ = {
			isa = XCConfigurationList;
			buildConfigurations = (
				6671A09E221CB871007C20F2 /* Debug */,
				6671A09F221CB871007C20F2 /* Release */,
			);
			defaultConfigurationIsVisible = 0;
			defaultConfigurationName = Release;
		};
		6671A0A0221CB871007C20F2 /* Build configuration list for PBXNativeTarget "Yeetipedia DemoUITests" */ = {
			isa = XCConfigurationList;
			buildConfigurations = (
				6671A0A1221CB871007C20F2 /* Debug */,
				6671A0A2221CB871007C20F2 /* Release */,
			);
			defaultConfigurationIsVisible = 0;
			defaultConfigurationName = Release;
		};
/* End XCConfigurationList section */
	};
	rootObject = 6671A06A221CB86E007C20F2 /* Project object */;
}
